<?xml version="1.0" encoding="utf-8"?>
<Project ToolsVersion="4.0" xmlns="http://schemas.microsoft.com/developer/msbuild/2003">
  <ItemGroup>
    <Filter Include="Source Files">
      <UniqueIdentifier>{879d9b71-961a-4513-81cf-ac692e294cb2}</UniqueIdentifier>
      <Extensions>txt;c;cpp</Extensions>
    </Filter>
    <Filter Include="Header Files">
      <UniqueIdentifier>{bc78ca1e-7220-4f32-a434-7e88d2c90e3b}</UniqueIdentifier>
      <Extensions>h</Extensions>
    </Filter>
    <Filter Include="MotoPlus Libraries">
      <UniqueIdentifier>{6cad15de-b5a9-40b6-a2a2-47f419f846c3}</UniqueIdentifier>
      <Extensions>fsLib;mpLib;dxLib;dnLib;lib</Extensions>
    </Filter>
    <Filter Include="Compile Settings">
      <UniqueIdentifier>{609736c0-22fd-466a-9435-59d1c05ac487}</UniqueIdentifier>
      <Extensions>mps</Extensions>
    </Filter>
  </ItemGroup>
  <ItemGroup>
    <ClCompile Include="mpMain.c">
      <Filter>Source Files</Filter>
    </ClCompile>
  </ItemGroup>
  <ItemGroup>
    <None Include="DX100CompilerArguments.mps">
      <Filter>Compile Settings</Filter>
    </None>
    <None Include="DX100LinkerArguments.mps">
      <Filter>Compile Settings</Filter>
    </None>
    <None Include="DX200CompilerArguments.mps">
      <Filter>Compile Settings</Filter>
    </None>
    <None Include="DX200LinkerArguments.mps">
      <Filter>Compile Settings</Filter>
    </None>
    <None Include="FS100CompilerArguments.mps">
      <Filter>Compile Settings</Filter>
    </None>
    <None Include="FS100LinkerArguments.mps">
      <Filter>Compile Settings</Filter>
    </None>
  </ItemGroup>
</Project>