<?xml version="1.0" encoding="utf-8"?>
<Project ToolsVersion="4.0" xmlns="http://schemas.microsoft.com/developer/msbuild/2003">
  <ItemGroup>
    <Filter Include="Source Files">
      <UniqueIdentifier>{cb302e13-5e17-4167-948e-1f90f607ef34}</UniqueIdentifier>
      <Extensions>txt;c;cpp</Extensions>
    </Filter>
    <Filter Include="Header Files">
      <UniqueIdentifier>{97627179-da4a-424a-8de5-db26511facd8}</UniqueIdentifier>
      <Extensions>h</Extensions>
    </Filter>
    <Filter Include="MotoPlus Libraries">
      <UniqueIdentifier>{eb27c915-4411-4aaa-b27b-9099703f9fc2}</UniqueIdentifier>
      <Extensions>fsLib;mpLib;dxLib;dnLib;lib</Extensions>
    </Filter>
    <Filter Include="Compile Settings">
      <UniqueIdentifier>{45ec9815-9f01-4848-8dd3-570957cf4d0a}</UniqueIdentifier>
      <Extensions>mps</Extensions>
    </Filter>
  </ItemGroup>
  <ItemGroup>
    <ClCompile Include="mpMain.c">
      <Filter>Source Files</Filter>
    </ClCompile>
    <ClCompile Include="task2.c">
      <Filter>Source Files</Filter>
    </ClCompile>
  </ItemGroup>
  <ItemGroup>
    <None Include="DX100CompilerArguments.mps">
      <Filter>Compile Settings</Filter>
    </None>
    <None Include="DX100LinkerArguments.mps">
      <Filter>Compile Settings</Filter>
    </None>
    <None Include="DX200CompilerArguments.mps">
      <Filter>Compile Settings</Filter>
    </None>
    <None Include="DX200LinkerArguments.mps">
      <Filter>Compile Settings</Filter>
    </None>
    <None Include="FS100CompilerArguments.mps">
      <Filter>Compile Settings</Filter>
    </None>
    <None Include="FS100LinkerArguments.mps">
      <Filter>Compile Settings</Filter>
    </None>
  </ItemGroup>
  <ItemGroup>
    <ClInclude Include="resource.h">
      <Filter>Header Files</Filter>
    </ClInclude>
  </ItemGroup>
</Project>