<?xml version="1.0" encoding="utf-8"?>
<Project ToolsVersion="4.0" xmlns="http://schemas.microsoft.com/developer/msbuild/2003">
  <ItemGroup>
    <Filter Include="Source Files">
      <UniqueIdentifier>{68453ba2-f5de-4584-85a9-b5f881ebce83}</UniqueIdentifier>
      <Extensions>txt;c;cpp</Extensions>
    </Filter>
    <Filter Include="Header Files">
      <UniqueIdentifier>{3232f918-9a54-4d29-a98c-50d7a9b0d712}</UniqueIdentifier>
      <Extensions>h</Extensions>
    </Filter>
    <Filter Include="MotoPlus Libraries">
      <UniqueIdentifier>{0d10bcf6-6ddf-4722-9c18-e126c39199e3}</UniqueIdentifier>
      <Extensions>fsLib;mpLib;dxLib;dnLib;lib</Extensions>
    </Filter>
    <Filter Include="Compile Settings">
      <UniqueIdentifier>{ee873a63-70e7-49db-8567-47eca7085339}</UniqueIdentifier>
      <Extensions>mps</Extensions>
    </Filter>
  </ItemGroup>
  <ItemGroup>
    <ClCompile Include="mpMain.c">
      <Filter>Source Files</Filter>
    </ClCompile>
  </ItemGroup>
  <ItemGroup>
    <None Include="DX100CompilerArguments.mps">
      <Filter>Compile Settings</Filter>
    </None>
    <None Include="DX100LinkerArguments.mps">
      <Filter>Compile Settings</Filter>
    </None>
    <None Include="DX200CompilerArguments.mps">
      <Filter>Compile Settings</Filter>
    </None>
    <None Include="DX200LinkerArguments.mps">
      <Filter>Compile Settings</Filter>
    </None>
    <None Include="FS100CompilerArguments.mps">
      <Filter>Compile Settings</Filter>
    </None>
    <None Include="FS100LinkerArguments.mps">
      <Filter>Compile Settings</Filter>
    </None>
  </ItemGroup>
</Project>